
Microsoft Visual Studio Solution File, Format Version 12.00
Project("{FAE04EC0-301F-11D3-BF4B-00C04F79EFBC}") = "Drunk.KeuVault.LetsEncrypt", "Drunk.KeuVault.LetsEncrypt\Drunk.KeuVault.LetsEncrypt.csproj", "{65A12650-8A0C-4FEF-9BC4-6D2AAE7846F1}"
EndProject
Global
	GlobalSection(SolutionConfigurationPlatforms) = preSolution
		Debug|Any CPU = Debug|Any CPU
		Release|Any CPU = Release|Any CPU
	EndGlobalSection
	GlobalSection(ProjectConfigurationPlatforms) = postSolution
		{65A12650-8A0C-4FEF-9BC4-6D2AAE7846F1}.Debug|Any CPU.ActiveCfg = Debug|Any CPU
		{65A12650-8A0C-4FEF-9BC4-6D2AAE7846F1}.Debug|Any CPU.Build.0 = Debug|Any CPU
		{65A12650-8A0C-4FEF-9BC4-6D2AAE7846F1}.Release|Any CPU.ActiveCfg = Release|Any CPU
		{65A12650-8A0C-4FEF-9BC4-6D2AAE7846F1}.Release|Any CPU.Build.0 = Release|Any CPU
	EndGlobalSection
EndGlobal
