
Microsoft Visual Studio Solution File, Format Version 12.00
Project("{FAE04EC0-301F-11D3-BF4B-00C04F79EFBC}") = "Drunk.KeuVault.LetsEncrypt", "Drunk.KeuVault.LetsEncrypt.csproj", "{ADC3B831-C159-4B16-9EF1-DA792DBC49D0}"
EndProject
Global
	GlobalSection(SolutionConfigurationPlatforms) = preSolution
		Debug|Any CPU = Debug|Any CPU
		Release|Any CPU = Release|Any CPU
	EndGlobalSection
	GlobalSection(ProjectConfigurationPlatforms) = postSolution
		{ADC3B831-C159-4B16-9EF1-DA792DBC49D0}.Debug|Any CPU.ActiveCfg = Debug|Any CPU
		{ADC3B831-C159-4B16-9EF1-DA792DBC49D0}.Debug|Any CPU.Build.0 = Debug|Any CPU
		{ADC3B831-C159-4B16-9EF1-DA792DBC49D0}.Release|Any CPU.ActiveCfg = Release|Any CPU
		{ADC3B831-C159-4B16-9EF1-DA792DBC49D0}.Release|Any CPU.Build.0 = Release|Any CPU
	EndGlobalSection
EndGlobal
